<?xml version="1.0" encoding="utf-8"?>
<Project ToolsVersion="16.0" xmlns="http://schemas.microsoft.com/developer/msbuild/2003">
  <ItemGroup>
    <ClCompile Include="D:\Cpp_pracctice\CPP_practice\28_plugin_lynx\src\lynx.cpp">
      <Filter>Source Files</Filter>
    </ClCompile>
  </ItemGroup>
  <ItemGroup>
    <ClInclude Include="D:\Cpp_pracctice\CPP_practice\28_plugin_lynx\include\build_opts_lynx.h">
      <Filter>Header Files</Filter>
    </ClInclude>
    <ClInclude Include="D:\Cpp_pracctice\CPP_practice\28_plugin_lynx\include\lynx.h">
      <Filter>Header Files</Filter>
    </ClInclude>
  </ItemGroup>
  <ItemGroup>
    <CustomBuild Include="D:\Cpp_pracctice\CPP_practice\28_plugin_lynx\CMakeLists.txt" />
  </ItemGroup>
  <ItemGroup>
    <Filter Include="Header Files">
      <UniqueIdentifier>{15943482-E5AB-3969-B40A-CF0CA2E3D28E}</UniqueIdentifier>
    </Filter>
    <Filter Include="Source Files">
      <UniqueIdentifier>{79808C28-907F-31E5-AE91-1D1631E0B9FB}</UniqueIdentifier>
    </Filter>
  </ItemGroup>
</Project>
