
Microsoft Visual Studio Solution File, Format Version 12.00
# Visual Studio Version 16
VisualStudioVersion = 16.0.29424.173
MinimumVisualStudioVersion = 10.0.40219.1
Project("{8BC9CEB8-8B4A-11D0-8D11-00A0C91BC942}") = "ALL_BUILD", "ALL_BUILD.vcxproj", "{6D327615-1792-3FD7-9710-2C8C8B74D081}"
	ProjectSection(ProjectDependencies) = postProject
		{787178EF-9A9D-3924-AF9E-563EF74D565F} = {787178EF-9A9D-3924-AF9E-563EF74D565F}
		{5A02838A-EA6D-3C38-9A33-B18DD0E48EDD} = {5A02838A-EA6D-3C38-9A33-B18DD0E48EDD}
		{90928718-8A6A-3B06-B8DF-A8A3E671AFDD} = {90928718-8A6A-3B06-B8DF-A8A3E671AFDD}
		{030EF6DC-9C6D-3C10-9388-48CD4BA7AD0B} = {030EF6DC-9C6D-3C10-9388-48CD4BA7AD0B}
		{F643188C-E3DE-3C5A-9A47-13026214C5AA} = {F643188C-E3DE-3C5A-9A47-13026214C5AA}
		{4D9B8A2D-D25C-3C88-950A-6F74C3CEC7B2} = {4D9B8A2D-D25C-3C88-950A-6F74C3CEC7B2}
		{56C01532-3437-344C-83C1-45B608561CC5} = {56C01532-3437-344C-83C1-45B608561CC5}
		{B2F364DF-FE73-316F-8075-2028E65AF47B} = {B2F364DF-FE73-316F-8075-2028E65AF47B}
		{7C387E5C-2587-3B43-AACE-F25B8CC4E30E} = {7C387E5C-2587-3B43-AACE-F25B8CC4E30E}
		{3CF39BA0-D61D-356C-911D-F82B3966E200} = {3CF39BA0-D61D-356C-911D-F82B3966E200}
		{1760A642-1A92-3745-AA3C-B20924891799} = {1760A642-1A92-3745-AA3C-B20924891799}
		{A98578BB-A60A-3ABC-B104-2FA8251FBF57} = {A98578BB-A60A-3ABC-B104-2FA8251FBF57}
		{8686BECF-50F4-36B5-AFEF-C3EC54D462F7} = {8686BECF-50F4-36B5-AFEF-C3EC54D462F7}
		{70663D66-C0AF-3B3E-A9FD-F4A2862C8922} = {70663D66-C0AF-3B3E-A9FD-F4A2862C8922}
		{510FB8AC-D51F-323E-9458-ADC83C4FB9C8} = {510FB8AC-D51F-323E-9458-ADC83C4FB9C8}
		{CF1B2978-C1EE-38CC-A774-D584B1965583} = {CF1B2978-C1EE-38CC-A774-D584B1965583}
		{A0DAC147-01DF-3C74-983A-B4ACB8D75588} = {A0DAC147-01DF-3C74-983A-B4ACB8D75588}
		{6FDDC8F5-31B1-342E-BBF3-AAFC2864CD4A} = {6FDDC8F5-31B1-342E-BBF3-AAFC2864CD4A}
	EndProjectSection
EndProject
Project("{8BC9CEB8-8B4A-11D0-8D11-00A0C91BC942}") = "01_hello_world", "01_hello_world\01_hello_world.vcxproj", "{787178EF-9A9D-3924-AF9E-563EF74D565F}"
EndProject
Project("{8BC9CEB8-8B4A-11D0-8D11-00A0C91BC942}") = "02_odd_even", "02_odd_even\02_odd_even.vcxproj", "{5A02838A-EA6D-3C38-9A33-B18DD0E48EDD}"
EndProject
Project("{8BC9CEB8-8B4A-11D0-8D11-00A0C91BC942}") = "03_armstrong", "03_armstrong\03_armstrong.vcxproj", "{90928718-8A6A-3B06-B8DF-A8A3E671AFDD}"
EndProject
Project("{8BC9CEB8-8B4A-11D0-8D11-00A0C91BC942}") = "04_display_book", "04_display_book\04_display_book.vcxproj", "{030EF6DC-9C6D-3C10-9388-48CD4BA7AD0B}"
EndProject
Project("{8BC9CEB8-8B4A-11D0-8D11-00A0C91BC942}") = "06_read_book_file", "06_read_file\06_read_book_file.vcxproj", "{F643188C-E3DE-3C5A-9A47-13026214C5AA}"
EndProject
Project("{8BC9CEB8-8B4A-11D0-8D11-00A0C91BC942}") = "07_matrix_to_console", "07_matrix_to_console\07_matrix_to_console.vcxproj", "{4D9B8A2D-D25C-3C88-950A-6F74C3CEC7B2}"
EndProject
Project("{8BC9CEB8-8B4A-11D0-8D11-00A0C91BC942}") = "08_lib_ini_read_book", "08_lib_ini_read_book\08_lib_ini_read_book.vcxproj", "{56C01532-3437-344C-83C1-45B608561CC5}"
EndProject
Project("{8BC9CEB8-8B4A-11D0-8D11-00A0C91BC942}") = "10_oop_func_args_book", "10_oop_func_args_book\10_oop_func_args_book.vcxproj", "{B2F364DF-FE73-316F-8075-2028E65AF47B}"
EndProject
Project("{8BC9CEB8-8B4A-11D0-8D11-00A0C91BC942}") = "11_oop_book_auth", "11_oop_book_auth\11_oop_book_auth.vcxproj", "{7C387E5C-2587-3B43-AACE-F25B8CC4E30E}"
EndProject
Project("{8BC9CEB8-8B4A-11D0-8D11-00A0C91BC942}") = "15_game_of_life", "15_game_of_life\15_game_of_life.vcxproj", "{3CF39BA0-D61D-356C-911D-F82B3966E200}"
EndProject
Project("{8BC9CEB8-8B4A-11D0-8D11-00A0C91BC942}") = "21_sample_feline", "21_sample_feline\21_sample_feline.vcxproj", "{1760A642-1A92-3745-AA3C-B20924891799}"
EndProject
Project("{8BC9CEB8-8B4A-11D0-8D11-00A0C91BC942}") = "22_sample_kitty_exe", "22_sample_kitty_exe\22_sample_kitty_exe.vcxproj", "{A98578BB-A60A-3ABC-B104-2FA8251FBF57}"
	ProjectSection(ProjectDependencies) = postProject
		{1760A642-1A92-3745-AA3C-B20924891799} = {1760A642-1A92-3745-AA3C-B20924891799}
	EndProjectSection
EndProject
Project("{8BC9CEB8-8B4A-11D0-8D11-00A0C91BC942}") = "24_shared_feline_lib", "24_shared_feline_lib\24_shared_feline_lib.vcxproj", "{8686BECF-50F4-36B5-AFEF-C3EC54D462F7}"
EndProject
Project("{8BC9CEB8-8B4A-11D0-8D11-00A0C91BC942}") = "25_shared_lion_lib", "25_shared_lion_lib\25_shared_lion_lib.vcxproj", "{70663D66-C0AF-3B3E-A9FD-F4A2862C8922}"
	ProjectSection(ProjectDependencies) = postProject
		{8686BECF-50F4-36B5-AFEF-C3EC54D462F7} = {8686BECF-50F4-36B5-AFEF-C3EC54D462F7}
	EndProjectSection
EndProject
Project("{8BC9CEB8-8B4A-11D0-8D11-00A0C91BC942}") = "26_shared_cats", "26_shared_cats\26_shared_cats.vcxproj", "{510FB8AC-D51F-323E-9458-ADC83C4FB9C8}"
	ProjectSection(ProjectDependencies) = postProject
		{8686BECF-50F4-36B5-AFEF-C3EC54D462F7} = {8686BECF-50F4-36B5-AFEF-C3EC54D462F7}
		{70663D66-C0AF-3B3E-A9FD-F4A2862C8922} = {70663D66-C0AF-3B3E-A9FD-F4A2862C8922}
	EndProjectSection
EndProject
Project("{8BC9CEB8-8B4A-11D0-8D11-00A0C91BC942}") = "27_plugin_lion", "27_plugin_lion\27_plugin_lion.vcxproj", "{CF1B2978-C1EE-38CC-A774-D584B1965583}"
	ProjectSection(ProjectDependencies) = postProject
		{8686BECF-50F4-36B5-AFEF-C3EC54D462F7} = {8686BECF-50F4-36B5-AFEF-C3EC54D462F7}
	EndProjectSection
EndProject
Project("{8BC9CEB8-8B4A-11D0-8D11-00A0C91BC942}") = "28_plugin_lynx", "28_plugin_lynx\28_plugin_lynx.vcxproj", "{A0DAC147-01DF-3C74-983A-B4ACB8D75588}"
	ProjectSection(ProjectDependencies) = postProject
		{8686BECF-50F4-36B5-AFEF-C3EC54D462F7} = {8686BECF-50F4-36B5-AFEF-C3EC54D462F7}
	EndProjectSection
EndProject
Project("{8BC9CEB8-8B4A-11D0-8D11-00A0C91BC942}") = "29_plugin_based_exe", "29_plugin_based_exe\29_plugin_based_exe.vcxproj", "{6FDDC8F5-31B1-342E-BBF3-AAFC2864CD4A}"
	ProjectSection(ProjectDependencies) = postProject
		{8686BECF-50F4-36B5-AFEF-C3EC54D462F7} = {8686BECF-50F4-36B5-AFEF-C3EC54D462F7}
	EndProjectSection
EndProject
Project("{8BC9CEB8-8B4A-11D0-8D11-00A0C91BC942}") = "05_show_arguments", "..\05_show_arguments\05_show_arguments.vcxproj", "{53B820FA-5651-490F-BE8F-7045B6BE51A6}"
EndProject
Global
	GlobalSection(SolutionConfigurationPlatforms) = preSolution
		Debug|x64 = Debug|x64
		Debug|x86 = Debug|x86
		MinSizeRel|x64 = MinSizeRel|x64
		MinSizeRel|x86 = MinSizeRel|x86
		Release|x64 = Release|x64
		Release|x86 = Release|x86
		RelWithDebInfo|x64 = RelWithDebInfo|x64
		RelWithDebInfo|x86 = RelWithDebInfo|x86
	EndGlobalSection
	GlobalSection(ProjectConfigurationPlatforms) = postSolution
		{6D327615-1792-3FD7-9710-2C8C8B74D081}.Debug|x64.ActiveCfg = Debug|x64
		{6D327615-1792-3FD7-9710-2C8C8B74D081}.Debug|x86.ActiveCfg = Debug|x64
		{6D327615-1792-3FD7-9710-2C8C8B74D081}.MinSizeRel|x64.ActiveCfg = MinSizeRel|x64
		{6D327615-1792-3FD7-9710-2C8C8B74D081}.MinSizeRel|x86.ActiveCfg = MinSizeRel|x64
		{6D327615-1792-3FD7-9710-2C8C8B74D081}.Release|x64.ActiveCfg = Release|x64
		{6D327615-1792-3FD7-9710-2C8C8B74D081}.Release|x86.ActiveCfg = Release|x64
		{6D327615-1792-3FD7-9710-2C8C8B74D081}.RelWithDebInfo|x64.ActiveCfg = RelWithDebInfo|x64
		{6D327615-1792-3FD7-9710-2C8C8B74D081}.RelWithDebInfo|x86.ActiveCfg = RelWithDebInfo|x64
		{787178EF-9A9D-3924-AF9E-563EF74D565F}.Debug|x64.ActiveCfg = Debug|x64
		{787178EF-9A9D-3924-AF9E-563EF74D565F}.Debug|x64.Build.0 = Debug|x64
		{787178EF-9A9D-3924-AF9E-563EF74D565F}.Debug|x86.ActiveCfg = Debug|x64
		{787178EF-9A9D-3924-AF9E-563EF74D565F}.MinSizeRel|x64.ActiveCfg = MinSizeRel|x64
		{787178EF-9A9D-3924-AF9E-563EF74D565F}.MinSizeRel|x64.Build.0 = MinSizeRel|x64
		{787178EF-9A9D-3924-AF9E-563EF74D565F}.MinSizeRel|x86.ActiveCfg = MinSizeRel|x64
		{787178EF-9A9D-3924-AF9E-563EF74D565F}.Release|x64.ActiveCfg = Release|x64
		{787178EF-9A9D-3924-AF9E-563EF74D565F}.Release|x64.Build.0 = Release|x64
		{787178EF-9A9D-3924-AF9E-563EF74D565F}.Release|x86.ActiveCfg = Release|x64
		{787178EF-9A9D-3924-AF9E-563EF74D565F}.RelWithDebInfo|x64.ActiveCfg = RelWithDebInfo|x64
		{787178EF-9A9D-3924-AF9E-563EF74D565F}.RelWithDebInfo|x64.Build.0 = RelWithDebInfo|x64
		{787178EF-9A9D-3924-AF9E-563EF74D565F}.RelWithDebInfo|x86.ActiveCfg = RelWithDebInfo|x64
		{5A02838A-EA6D-3C38-9A33-B18DD0E48EDD}.Debug|x64.ActiveCfg = Debug|x64
		{5A02838A-EA6D-3C38-9A33-B18DD0E48EDD}.Debug|x64.Build.0 = Debug|x64
		{5A02838A-EA6D-3C38-9A33-B18DD0E48EDD}.Debug|x86.ActiveCfg = Debug|x64
		{5A02838A-EA6D-3C38-9A33-B18DD0E48EDD}.MinSizeRel|x64.ActiveCfg = MinSizeRel|x64
		{5A02838A-EA6D-3C38-9A33-B18DD0E48EDD}.MinSizeRel|x64.Build.0 = MinSizeRel|x64
		{5A02838A-EA6D-3C38-9A33-B18DD0E48EDD}.MinSizeRel|x86.ActiveCfg = MinSizeRel|x64
		{5A02838A-EA6D-3C38-9A33-B18DD0E48EDD}.Release|x64.ActiveCfg = Release|x64
		{5A02838A-EA6D-3C38-9A33-B18DD0E48EDD}.Release|x64.Build.0 = Release|x64
		{5A02838A-EA6D-3C38-9A33-B18DD0E48EDD}.Release|x86.ActiveCfg = Release|x64
		{5A02838A-EA6D-3C38-9A33-B18DD0E48EDD}.RelWithDebInfo|x64.ActiveCfg = RelWithDebInfo|x64
		{5A02838A-EA6D-3C38-9A33-B18DD0E48EDD}.RelWithDebInfo|x64.Build.0 = RelWithDebInfo|x64
		{5A02838A-EA6D-3C38-9A33-B18DD0E48EDD}.RelWithDebInfo|x86.ActiveCfg = RelWithDebInfo|x64
		{90928718-8A6A-3B06-B8DF-A8A3E671AFDD}.Debug|x64.ActiveCfg = Debug|x64
		{90928718-8A6A-3B06-B8DF-A8A3E671AFDD}.Debug|x64.Build.0 = Debug|x64
		{90928718-8A6A-3B06-B8DF-A8A3E671AFDD}.Debug|x86.ActiveCfg = Debug|x64
		{90928718-8A6A-3B06-B8DF-A8A3E671AFDD}.MinSizeRel|x64.ActiveCfg = MinSizeRel|x64
		{90928718-8A6A-3B06-B8DF-A8A3E671AFDD}.MinSizeRel|x64.Build.0 = MinSizeRel|x64
		{90928718-8A6A-3B06-B8DF-A8A3E671AFDD}.MinSizeRel|x86.ActiveCfg = MinSizeRel|x64
		{90928718-8A6A-3B06-B8DF-A8A3E671AFDD}.Release|x64.ActiveCfg = Release|x64
		{90928718-8A6A-3B06-B8DF-A8A3E671AFDD}.Release|x64.Build.0 = Release|x64
		{90928718-8A6A-3B06-B8DF-A8A3E671AFDD}.Release|x86.ActiveCfg = Release|x64
		{90928718-8A6A-3B06-B8DF-A8A3E671AFDD}.RelWithDebInfo|x64.ActiveCfg = RelWithDebInfo|x64
		{90928718-8A6A-3B06-B8DF-A8A3E671AFDD}.RelWithDebInfo|x64.Build.0 = RelWithDebInfo|x64
		{90928718-8A6A-3B06-B8DF-A8A3E671AFDD}.RelWithDebInfo|x86.ActiveCfg = RelWithDebInfo|x64
		{030EF6DC-9C6D-3C10-9388-48CD4BA7AD0B}.Debug|x64.ActiveCfg = Debug|x64
		{030EF6DC-9C6D-3C10-9388-48CD4BA7AD0B}.Debug|x64.Build.0 = Debug|x64
		{030EF6DC-9C6D-3C10-9388-48CD4BA7AD0B}.Debug|x86.ActiveCfg = Debug|x64
		{030EF6DC-9C6D-3C10-9388-48CD4BA7AD0B}.MinSizeRel|x64.ActiveCfg = MinSizeRel|x64
		{030EF6DC-9C6D-3C10-9388-48CD4BA7AD0B}.MinSizeRel|x64.Build.0 = MinSizeRel|x64
		{030EF6DC-9C6D-3C10-9388-48CD4BA7AD0B}.MinSizeRel|x86.ActiveCfg = MinSizeRel|x64
		{030EF6DC-9C6D-3C10-9388-48CD4BA7AD0B}.Release|x64.ActiveCfg = Release|x64
		{030EF6DC-9C6D-3C10-9388-48CD4BA7AD0B}.Release|x64.Build.0 = Release|x64
		{030EF6DC-9C6D-3C10-9388-48CD4BA7AD0B}.Release|x86.ActiveCfg = Release|x64
		{030EF6DC-9C6D-3C10-9388-48CD4BA7AD0B}.RelWithDebInfo|x64.ActiveCfg = RelWithDebInfo|x64
		{030EF6DC-9C6D-3C10-9388-48CD4BA7AD0B}.RelWithDebInfo|x64.Build.0 = RelWithDebInfo|x64
		{030EF6DC-9C6D-3C10-9388-48CD4BA7AD0B}.RelWithDebInfo|x86.ActiveCfg = RelWithDebInfo|x64
		{F643188C-E3DE-3C5A-9A47-13026214C5AA}.Debug|x64.ActiveCfg = Debug|x64
		{F643188C-E3DE-3C5A-9A47-13026214C5AA}.Debug|x64.Build.0 = Debug|x64
		{F643188C-E3DE-3C5A-9A47-13026214C5AA}.Debug|x86.ActiveCfg = Debug|x64
		{F643188C-E3DE-3C5A-9A47-13026214C5AA}.MinSizeRel|x64.ActiveCfg = MinSizeRel|x64
		{F643188C-E3DE-3C5A-9A47-13026214C5AA}.MinSizeRel|x64.Build.0 = MinSizeRel|x64
		{F643188C-E3DE-3C5A-9A47-13026214C5AA}.MinSizeRel|x86.ActiveCfg = MinSizeRel|x64
		{F643188C-E3DE-3C5A-9A47-13026214C5AA}.Release|x64.ActiveCfg = Release|x64
		{F643188C-E3DE-3C5A-9A47-13026214C5AA}.Release|x64.Build.0 = Release|x64
		{F643188C-E3DE-3C5A-9A47-13026214C5AA}.Release|x86.ActiveCfg = Release|x64
		{F643188C-E3DE-3C5A-9A47-13026214C5AA}.RelWithDebInfo|x64.ActiveCfg = RelWithDebInfo|x64
		{F643188C-E3DE-3C5A-9A47-13026214C5AA}.RelWithDebInfo|x64.Build.0 = RelWithDebInfo|x64
		{F643188C-E3DE-3C5A-9A47-13026214C5AA}.RelWithDebInfo|x86.ActiveCfg = RelWithDebInfo|x64
		{4D9B8A2D-D25C-3C88-950A-6F74C3CEC7B2}.Debug|x64.ActiveCfg = Debug|x64
		{4D9B8A2D-D25C-3C88-950A-6F74C3CEC7B2}.Debug|x64.Build.0 = Debug|x64
		{4D9B8A2D-D25C-3C88-950A-6F74C3CEC7B2}.Debug|x86.ActiveCfg = Debug|x64
		{4D9B8A2D-D25C-3C88-950A-6F74C3CEC7B2}.MinSizeRel|x64.ActiveCfg = MinSizeRel|x64
		{4D9B8A2D-D25C-3C88-950A-6F74C3CEC7B2}.MinSizeRel|x64.Build.0 = MinSizeRel|x64
		{4D9B8A2D-D25C-3C88-950A-6F74C3CEC7B2}.MinSizeRel|x86.ActiveCfg = MinSizeRel|x64
		{4D9B8A2D-D25C-3C88-950A-6F74C3CEC7B2}.Release|x64.ActiveCfg = Release|x64
		{4D9B8A2D-D25C-3C88-950A-6F74C3CEC7B2}.Release|x64.Build.0 = Release|x64
		{4D9B8A2D-D25C-3C88-950A-6F74C3CEC7B2}.Release|x86.ActiveCfg = Release|x64
		{4D9B8A2D-D25C-3C88-950A-6F74C3CEC7B2}.RelWithDebInfo|x64.ActiveCfg = RelWithDebInfo|x64
		{4D9B8A2D-D25C-3C88-950A-6F74C3CEC7B2}.RelWithDebInfo|x64.Build.0 = RelWithDebInfo|x64
		{4D9B8A2D-D25C-3C88-950A-6F74C3CEC7B2}.RelWithDebInfo|x86.ActiveCfg = RelWithDebInfo|x64
		{56C01532-3437-344C-83C1-45B608561CC5}.Debug|x64.ActiveCfg = Debug|x64
		{56C01532-3437-344C-83C1-45B608561CC5}.Debug|x64.Build.0 = Debug|x64
		{56C01532-3437-344C-83C1-45B608561CC5}.Debug|x86.ActiveCfg = Debug|x64
		{56C01532-3437-344C-83C1-45B608561CC5}.MinSizeRel|x64.ActiveCfg = MinSizeRel|x64
		{56C01532-3437-344C-83C1-45B608561CC5}.MinSizeRel|x64.Build.0 = MinSizeRel|x64
		{56C01532-3437-344C-83C1-45B608561CC5}.MinSizeRel|x86.ActiveCfg = MinSizeRel|x64
		{56C01532-3437-344C-83C1-45B608561CC5}.Release|x64.ActiveCfg = Release|x64
		{56C01532-3437-344C-83C1-45B608561CC5}.Release|x64.Build.0 = Release|x64
		{56C01532-3437-344C-83C1-45B608561CC5}.Release|x86.ActiveCfg = Release|x64
		{56C01532-3437-344C-83C1-45B608561CC5}.RelWithDebInfo|x64.ActiveCfg = RelWithDebInfo|x64
		{56C01532-3437-344C-83C1-45B608561CC5}.RelWithDebInfo|x64.Build.0 = RelWithDebInfo|x64
		{56C01532-3437-344C-83C1-45B608561CC5}.RelWithDebInfo|x86.ActiveCfg = RelWithDebInfo|x64
		{B2F364DF-FE73-316F-8075-2028E65AF47B}.Debug|x64.ActiveCfg = Debug|x64
		{B2F364DF-FE73-316F-8075-2028E65AF47B}.Debug|x64.Build.0 = Debug|x64
		{B2F364DF-FE73-316F-8075-2028E65AF47B}.Debug|x86.ActiveCfg = Debug|x64
		{B2F364DF-FE73-316F-8075-2028E65AF47B}.MinSizeRel|x64.ActiveCfg = MinSizeRel|x64
		{B2F364DF-FE73-316F-8075-2028E65AF47B}.MinSizeRel|x64.Build.0 = MinSizeRel|x64
		{B2F364DF-FE73-316F-8075-2028E65AF47B}.MinSizeRel|x86.ActiveCfg = MinSizeRel|x64
		{B2F364DF-FE73-316F-8075-2028E65AF47B}.Release|x64.ActiveCfg = Release|x64
		{B2F364DF-FE73-316F-8075-2028E65AF47B}.Release|x64.Build.0 = Release|x64
		{B2F364DF-FE73-316F-8075-2028E65AF47B}.Release|x86.ActiveCfg = Release|x64
		{B2F364DF-FE73-316F-8075-2028E65AF47B}.RelWithDebInfo|x64.ActiveCfg = RelWithDebInfo|x64
		{B2F364DF-FE73-316F-8075-2028E65AF47B}.RelWithDebInfo|x64.Build.0 = RelWithDebInfo|x64
		{B2F364DF-FE73-316F-8075-2028E65AF47B}.RelWithDebInfo|x86.ActiveCfg = RelWithDebInfo|x64
		{7C387E5C-2587-3B43-AACE-F25B8CC4E30E}.Debug|x64.ActiveCfg = Debug|x64
		{7C387E5C-2587-3B43-AACE-F25B8CC4E30E}.Debug|x64.Build.0 = Debug|x64
		{7C387E5C-2587-3B43-AACE-F25B8CC4E30E}.Debug|x86.ActiveCfg = Debug|x64
		{7C387E5C-2587-3B43-AACE-F25B8CC4E30E}.MinSizeRel|x64.ActiveCfg = MinSizeRel|x64
		{7C387E5C-2587-3B43-AACE-F25B8CC4E30E}.MinSizeRel|x64.Build.0 = MinSizeRel|x64
		{7C387E5C-2587-3B43-AACE-F25B8CC4E30E}.MinSizeRel|x86.ActiveCfg = MinSizeRel|x64
		{7C387E5C-2587-3B43-AACE-F25B8CC4E30E}.Release|x64.ActiveCfg = Release|x64
		{7C387E5C-2587-3B43-AACE-F25B8CC4E30E}.Release|x64.Build.0 = Release|x64
		{7C387E5C-2587-3B43-AACE-F25B8CC4E30E}.Release|x86.ActiveCfg = Release|x64
		{7C387E5C-2587-3B43-AACE-F25B8CC4E30E}.RelWithDebInfo|x64.ActiveCfg = RelWithDebInfo|x64
		{7C387E5C-2587-3B43-AACE-F25B8CC4E30E}.RelWithDebInfo|x64.Build.0 = RelWithDebInfo|x64
		{7C387E5C-2587-3B43-AACE-F25B8CC4E30E}.RelWithDebInfo|x86.ActiveCfg = RelWithDebInfo|x64
		{3CF39BA0-D61D-356C-911D-F82B3966E200}.Debug|x64.ActiveCfg = Debug|x64
		{3CF39BA0-D61D-356C-911D-F82B3966E200}.Debug|x64.Build.0 = Debug|x64
		{3CF39BA0-D61D-356C-911D-F82B3966E200}.Debug|x86.ActiveCfg = Debug|x64
		{3CF39BA0-D61D-356C-911D-F82B3966E200}.MinSizeRel|x64.ActiveCfg = MinSizeRel|x64
		{3CF39BA0-D61D-356C-911D-F82B3966E200}.MinSizeRel|x64.Build.0 = MinSizeRel|x64
		{3CF39BA0-D61D-356C-911D-F82B3966E200}.MinSizeRel|x86.ActiveCfg = MinSizeRel|x64
		{3CF39BA0-D61D-356C-911D-F82B3966E200}.Release|x64.ActiveCfg = Release|x64
		{3CF39BA0-D61D-356C-911D-F82B3966E200}.Release|x64.Build.0 = Release|x64
		{3CF39BA0-D61D-356C-911D-F82B3966E200}.Release|x86.ActiveCfg = Release|x64
		{3CF39BA0-D61D-356C-911D-F82B3966E200}.RelWithDebInfo|x64.ActiveCfg = RelWithDebInfo|x64
		{3CF39BA0-D61D-356C-911D-F82B3966E200}.RelWithDebInfo|x64.Build.0 = RelWithDebInfo|x64
		{3CF39BA0-D61D-356C-911D-F82B3966E200}.RelWithDebInfo|x86.ActiveCfg = RelWithDebInfo|x64
		{1760A642-1A92-3745-AA3C-B20924891799}.Debug|x64.ActiveCfg = Debug|x64
		{1760A642-1A92-3745-AA3C-B20924891799}.Debug|x64.Build.0 = Debug|x64
		{1760A642-1A92-3745-AA3C-B20924891799}.Debug|x86.ActiveCfg = Debug|x64
		{1760A642-1A92-3745-AA3C-B20924891799}.MinSizeRel|x64.ActiveCfg = MinSizeRel|x64
		{1760A642-1A92-3745-AA3C-B20924891799}.MinSizeRel|x64.Build.0 = MinSizeRel|x64
		{1760A642-1A92-3745-AA3C-B20924891799}.MinSizeRel|x86.ActiveCfg = MinSizeRel|x64
		{1760A642-1A92-3745-AA3C-B20924891799}.Release|x64.ActiveCfg = Release|x64
		{1760A642-1A92-3745-AA3C-B20924891799}.Release|x64.Build.0 = Release|x64
		{1760A642-1A92-3745-AA3C-B20924891799}.Release|x86.ActiveCfg = Release|x64
		{1760A642-1A92-3745-AA3C-B20924891799}.RelWithDebInfo|x64.ActiveCfg = RelWithDebInfo|x64
		{1760A642-1A92-3745-AA3C-B20924891799}.RelWithDebInfo|x64.Build.0 = RelWithDebInfo|x64
		{1760A642-1A92-3745-AA3C-B20924891799}.RelWithDebInfo|x86.ActiveCfg = RelWithDebInfo|x64
		{A98578BB-A60A-3ABC-B104-2FA8251FBF57}.Debug|x64.ActiveCfg = Debug|x64
		{A98578BB-A60A-3ABC-B104-2FA8251FBF57}.Debug|x64.Build.0 = Debug|x64
		{A98578BB-A60A-3ABC-B104-2FA8251FBF57}.Debug|x86.ActiveCfg = Debug|x64
		{A98578BB-A60A-3ABC-B104-2FA8251FBF57}.MinSizeRel|x64.ActiveCfg = MinSizeRel|x64
		{A98578BB-A60A-3ABC-B104-2FA8251FBF57}.MinSizeRel|x64.Build.0 = MinSizeRel|x64
		{A98578BB-A60A-3ABC-B104-2FA8251FBF57}.MinSizeRel|x86.ActiveCfg = MinSizeRel|x64
		{A98578BB-A60A-3ABC-B104-2FA8251FBF57}.Release|x64.ActiveCfg = Release|x64
		{A98578BB-A60A-3ABC-B104-2FA8251FBF57}.Release|x64.Build.0 = Release|x64
		{A98578BB-A60A-3ABC-B104-2FA8251FBF57}.Release|x86.ActiveCfg = Release|x64
		{A98578BB-A60A-3ABC-B104-2FA8251FBF57}.RelWithDebInfo|x64.ActiveCfg = RelWithDebInfo|x64
		{A98578BB-A60A-3ABC-B104-2FA8251FBF57}.RelWithDebInfo|x64.Build.0 = RelWithDebInfo|x64
		{A98578BB-A60A-3ABC-B104-2FA8251FBF57}.RelWithDebInfo|x86.ActiveCfg = RelWithDebInfo|x64
		{8686BECF-50F4-36B5-AFEF-C3EC54D462F7}.Debug|x64.ActiveCfg = Debug|x64
		{8686BECF-50F4-36B5-AFEF-C3EC54D462F7}.Debug|x64.Build.0 = Debug|x64
		{8686BECF-50F4-36B5-AFEF-C3EC54D462F7}.Debug|x86.ActiveCfg = Debug|x64
		{8686BECF-50F4-36B5-AFEF-C3EC54D462F7}.MinSizeRel|x64.ActiveCfg = MinSizeRel|x64
		{8686BECF-50F4-36B5-AFEF-C3EC54D462F7}.MinSizeRel|x64.Build.0 = MinSizeRel|x64
		{8686BECF-50F4-36B5-AFEF-C3EC54D462F7}.MinSizeRel|x86.ActiveCfg = MinSizeRel|x64
		{8686BECF-50F4-36B5-AFEF-C3EC54D462F7}.Release|x64.ActiveCfg = Release|x64
		{8686BECF-50F4-36B5-AFEF-C3EC54D462F7}.Release|x64.Build.0 = Release|x64
		{8686BECF-50F4-36B5-AFEF-C3EC54D462F7}.Release|x86.ActiveCfg = Release|x64
		{8686BECF-50F4-36B5-AFEF-C3EC54D462F7}.RelWithDebInfo|x64.ActiveCfg = RelWithDebInfo|x64
		{8686BECF-50F4-36B5-AFEF-C3EC54D462F7}.RelWithDebInfo|x64.Build.0 = RelWithDebInfo|x64
		{8686BECF-50F4-36B5-AFEF-C3EC54D462F7}.RelWithDebInfo|x86.ActiveCfg = RelWithDebInfo|x64
		{70663D66-C0AF-3B3E-A9FD-F4A2862C8922}.Debug|x64.ActiveCfg = Debug|x64
		{70663D66-C0AF-3B3E-A9FD-F4A2862C8922}.Debug|x64.Build.0 = Debug|x64
		{70663D66-C0AF-3B3E-A9FD-F4A2862C8922}.Debug|x86.ActiveCfg = Debug|x64
		{70663D66-C0AF-3B3E-A9FD-F4A2862C8922}.MinSizeRel|x64.ActiveCfg = MinSizeRel|x64
		{70663D66-C0AF-3B3E-A9FD-F4A2862C8922}.MinSizeRel|x64.Build.0 = MinSizeRel|x64
		{70663D66-C0AF-3B3E-A9FD-F4A2862C8922}.MinSizeRel|x86.ActiveCfg = MinSizeRel|x64
		{70663D66-C0AF-3B3E-A9FD-F4A2862C8922}.Release|x64.ActiveCfg = Release|x64
		{70663D66-C0AF-3B3E-A9FD-F4A2862C8922}.Release|x64.Build.0 = Release|x64
		{70663D66-C0AF-3B3E-A9FD-F4A2862C8922}.Release|x86.ActiveCfg = Release|x64
		{70663D66-C0AF-3B3E-A9FD-F4A2862C8922}.RelWithDebInfo|x64.ActiveCfg = RelWithDebInfo|x64
		{70663D66-C0AF-3B3E-A9FD-F4A2862C8922}.RelWithDebInfo|x64.Build.0 = RelWithDebInfo|x64
		{70663D66-C0AF-3B3E-A9FD-F4A2862C8922}.RelWithDebInfo|x86.ActiveCfg = RelWithDebInfo|x64
		{510FB8AC-D51F-323E-9458-ADC83C4FB9C8}.Debug|x64.ActiveCfg = Debug|x64
		{510FB8AC-D51F-323E-9458-ADC83C4FB9C8}.Debug|x64.Build.0 = Debug|x64
		{510FB8AC-D51F-323E-9458-ADC83C4FB9C8}.Debug|x86.ActiveCfg = Debug|x64
		{510FB8AC-D51F-323E-9458-ADC83C4FB9C8}.MinSizeRel|x64.ActiveCfg = MinSizeRel|x64
		{510FB8AC-D51F-323E-9458-ADC83C4FB9C8}.MinSizeRel|x64.Build.0 = MinSizeRel|x64
		{510FB8AC-D51F-323E-9458-ADC83C4FB9C8}.MinSizeRel|x86.ActiveCfg = MinSizeRel|x64
		{510FB8AC-D51F-323E-9458-ADC83C4FB9C8}.Release|x64.ActiveCfg = Release|x64
		{510FB8AC-D51F-323E-9458-ADC83C4FB9C8}.Release|x64.Build.0 = Release|x64
		{510FB8AC-D51F-323E-9458-ADC83C4FB9C8}.Release|x86.ActiveCfg = Release|x64
		{510FB8AC-D51F-323E-9458-ADC83C4FB9C8}.RelWithDebInfo|x64.ActiveCfg = RelWithDebInfo|x64
		{510FB8AC-D51F-323E-9458-ADC83C4FB9C8}.RelWithDebInfo|x64.Build.0 = RelWithDebInfo|x64
		{510FB8AC-D51F-323E-9458-ADC83C4FB9C8}.RelWithDebInfo|x86.ActiveCfg = RelWithDebInfo|x64
		{CF1B2978-C1EE-38CC-A774-D584B1965583}.Debug|x64.ActiveCfg = Debug|x64
		{CF1B2978-C1EE-38CC-A774-D584B1965583}.Debug|x64.Build.0 = Debug|x64
		{CF1B2978-C1EE-38CC-A774-D584B1965583}.Debug|x86.ActiveCfg = Debug|x64
		{CF1B2978-C1EE-38CC-A774-D584B1965583}.MinSizeRel|x64.ActiveCfg = MinSizeRel|x64
		{CF1B2978-C1EE-38CC-A774-D584B1965583}.MinSizeRel|x64.Build.0 = MinSizeRel|x64
		{CF1B2978-C1EE-38CC-A774-D584B1965583}.MinSizeRel|x86.ActiveCfg = MinSizeRel|x64
		{CF1B2978-C1EE-38CC-A774-D584B1965583}.Release|x64.ActiveCfg = Release|x64
		{CF1B2978-C1EE-38CC-A774-D584B1965583}.Release|x64.Build.0 = Release|x64
		{CF1B2978-C1EE-38CC-A774-D584B1965583}.Release|x86.ActiveCfg = Release|x64
		{CF1B2978-C1EE-38CC-A774-D584B1965583}.RelWithDebInfo|x64.ActiveCfg = RelWithDebInfo|x64
		{CF1B2978-C1EE-38CC-A774-D584B1965583}.RelWithDebInfo|x64.Build.0 = RelWithDebInfo|x64
		{CF1B2978-C1EE-38CC-A774-D584B1965583}.RelWithDebInfo|x86.ActiveCfg = RelWithDebInfo|x64
		{A0DAC147-01DF-3C74-983A-B4ACB8D75588}.Debug|x64.ActiveCfg = Debug|x64
		{A0DAC147-01DF-3C74-983A-B4ACB8D75588}.Debug|x64.Build.0 = Debug|x64
		{A0DAC147-01DF-3C74-983A-B4ACB8D75588}.Debug|x86.ActiveCfg = Debug|x64
		{A0DAC147-01DF-3C74-983A-B4ACB8D75588}.MinSizeRel|x64.ActiveCfg = MinSizeRel|x64
		{A0DAC147-01DF-3C74-983A-B4ACB8D75588}.MinSizeRel|x64.Build.0 = MinSizeRel|x64
		{A0DAC147-01DF-3C74-983A-B4ACB8D75588}.MinSizeRel|x86.ActiveCfg = MinSizeRel|x64
		{A0DAC147-01DF-3C74-983A-B4ACB8D75588}.Release|x64.ActiveCfg = Release|x64
		{A0DAC147-01DF-3C74-983A-B4ACB8D75588}.Release|x64.Build.0 = Release|x64
		{A0DAC147-01DF-3C74-983A-B4ACB8D75588}.Release|x86.ActiveCfg = Release|x64
		{A0DAC147-01DF-3C74-983A-B4ACB8D75588}.RelWithDebInfo|x64.ActiveCfg = RelWithDebInfo|x64
		{A0DAC147-01DF-3C74-983A-B4ACB8D75588}.RelWithDebInfo|x64.Build.0 = RelWithDebInfo|x64
		{A0DAC147-01DF-3C74-983A-B4ACB8D75588}.RelWithDebInfo|x86.ActiveCfg = RelWithDebInfo|x64
		{6FDDC8F5-31B1-342E-BBF3-AAFC2864CD4A}.Debug|x64.ActiveCfg = Debug|x64
		{6FDDC8F5-31B1-342E-BBF3-AAFC2864CD4A}.Debug|x64.Build.0 = Debug|x64
		{6FDDC8F5-31B1-342E-BBF3-AAFC2864CD4A}.Debug|x86.ActiveCfg = Debug|x64
		{6FDDC8F5-31B1-342E-BBF3-AAFC2864CD4A}.MinSizeRel|x64.ActiveCfg = MinSizeRel|x64
		{6FDDC8F5-31B1-342E-BBF3-AAFC2864CD4A}.MinSizeRel|x64.Build.0 = MinSizeRel|x64
		{6FDDC8F5-31B1-342E-BBF3-AAFC2864CD4A}.MinSizeRel|x86.ActiveCfg = MinSizeRel|x64
		{6FDDC8F5-31B1-342E-BBF3-AAFC2864CD4A}.Release|x64.ActiveCfg = Release|x64
		{6FDDC8F5-31B1-342E-BBF3-AAFC2864CD4A}.Release|x64.Build.0 = Release|x64
		{6FDDC8F5-31B1-342E-BBF3-AAFC2864CD4A}.Release|x86.ActiveCfg = Release|x64
		{6FDDC8F5-31B1-342E-BBF3-AAFC2864CD4A}.RelWithDebInfo|x64.ActiveCfg = RelWithDebInfo|x64
		{6FDDC8F5-31B1-342E-BBF3-AAFC2864CD4A}.RelWithDebInfo|x64.Build.0 = RelWithDebInfo|x64
		{6FDDC8F5-31B1-342E-BBF3-AAFC2864CD4A}.RelWithDebInfo|x86.ActiveCfg = RelWithDebInfo|x64
		{53B820FA-5651-490F-BE8F-7045B6BE51A6}.Debug|x64.ActiveCfg = Debug|x64
		{53B820FA-5651-490F-BE8F-7045B6BE51A6}.Debug|x64.Build.0 = Debug|x64
		{53B820FA-5651-490F-BE8F-7045B6BE51A6}.Debug|x86.ActiveCfg = Debug|Win32
		{53B820FA-5651-490F-BE8F-7045B6BE51A6}.Debug|x86.Build.0 = Debug|Win32
		{53B820FA-5651-490F-BE8F-7045B6BE51A6}.MinSizeRel|x64.ActiveCfg = Release|x64
		{53B820FA-5651-490F-BE8F-7045B6BE51A6}.MinSizeRel|x64.Build.0 = Release|x64
		{53B820FA-5651-490F-BE8F-7045B6BE51A6}.MinSizeRel|x86.ActiveCfg = Release|Win32
		{53B820FA-5651-490F-BE8F-7045B6BE51A6}.MinSizeRel|x86.Build.0 = Release|Win32
		{53B820FA-5651-490F-BE8F-7045B6BE51A6}.Release|x64.ActiveCfg = Release|x64
		{53B820FA-5651-490F-BE8F-7045B6BE51A6}.Release|x64.Build.0 = Release|x64
		{53B820FA-5651-490F-BE8F-7045B6BE51A6}.Release|x86.ActiveCfg = Release|Win32
		{53B820FA-5651-490F-BE8F-7045B6BE51A6}.Release|x86.Build.0 = Release|Win32
		{53B820FA-5651-490F-BE8F-7045B6BE51A6}.RelWithDebInfo|x64.ActiveCfg = Release|x64
		{53B820FA-5651-490F-BE8F-7045B6BE51A6}.RelWithDebInfo|x64.Build.0 = Release|x64
		{53B820FA-5651-490F-BE8F-7045B6BE51A6}.RelWithDebInfo|x86.ActiveCfg = Release|Win32
		{53B820FA-5651-490F-BE8F-7045B6BE51A6}.RelWithDebInfo|x86.Build.0 = Release|Win32
	EndGlobalSection
	GlobalSection(SolutionProperties) = preSolution
		HideSolutionNode = FALSE
	EndGlobalSection
	GlobalSection(ExtensibilityGlobals) = postSolution
		SolutionGuid = {143959BC-CCAA-3699-AE60-31FC60EDCE20}
	EndGlobalSection
EndGlobal
